// !$*UTF8*$!
{
	archiveVersion = 1;
	classes = {
	};
	objectVersion = 50;
	objects = {

/* Begin PBXBuildFile section */
		34084279261EEE6B005C90CE /* AppDelegate.swift in Sources */ = {isa = PBXBuildFile; fileRef = 34084278261EEE6B005C90CE /* AppDelegate.swift */; };
		3408427B261EEE6B005C90CE /* SceneDelegate.swift in Sources */ = {isa = PBXBuildFile; fileRef = 3408427A261EEE6B005C90CE /* SceneDelegate.swift */; };
		3408427D261EEE6B005C90CE /* ViewController.swift in Sources */ = {isa = PBXBuildFile; fileRef = 3408427C261EEE6B005C90CE /* ViewController.swift */; };
		34084280261EEE6B005C90CE /* Main.storyboard in Resources */ = {isa = PBXBuildFile; fileRef = 3408427E261EEE6B005C90CE /* Main.storyboard */; };
		34084282261EEE6D005C90CE /* Assets.xcassets in Resources */ = {isa = PBXBuildFile; fileRef = 34084281261EEE6D005C90CE /* Assets.xcassets */; };
		34084285261EEE6D005C90CE /* LaunchScreen.storyboard in Resources */ = {isa = PBXBuildFile; fileRef = 34084283261EEE6D005C90CE /* LaunchScreen.storyboard */; };
		34084297261EEF68005C90CE /* project04_TodoTDDTests.swift in Sources */ = {isa = PBXBuildFile; fileRef = 34084296261EEF68005C90CE /* project04_TodoTDDTests.swift */; };
		340842A2261EF793005C90CE /* ToDoItemTests.swift in Sources */ = {isa = PBXBuildFile; fileRef = 340842A1261EF793005C90CE /* ToDoItemTests.swift */; };
		340842AD261EFBC9005C90CE /* ToDoItem.swift in Sources */ = {isa = PBXBuildFile; fileRef = 340842AC261EFBC9005C90CE /* ToDoItem.swift */; };
		3455C526262033A200809FC5 /* LocationTests.swift in Sources */ = {isa = PBXBuildFile; fileRef = 3455C525262033A200809FC5 /* LocationTests.swift */; };
		3455C52A2620342F00809FC5 /* Location.swift in Sources */ = {isa = PBXBuildFile; fileRef = 3455C5292620342F00809FC5 /* Location.swift */; };
		3455C52D26203A6100809FC5 /* Location.swift in Sources */ = {isa = PBXBuildFile; fileRef = 3455C5292620342F00809FC5 /* Location.swift */; };
/* End PBXBuildFile section */

/* Begin PBXContainerItemProxy section */
		34084299261EEF68005C90CE /* PBXContainerItemProxy */ = {
			isa = PBXContainerItemProxy;
			containerPortal = 3408426D261EEE6B005C90CE /* Project object */;
			proxyType = 1;
			remoteGlobalIDString = 34084274261EEE6B005C90CE;
			remoteInfo = "project04-TodoTDD";
		};
/* End PBXContainerItemProxy section */

/* Begin PBXFileReference section */
		34084275261EEE6B005C90CE /* project04-TodoTDD.app */ = {isa = PBXFileReference; explicitFileType = wrapper.application; includeInIndex = 0; path = "project04-TodoTDD.app"; sourceTree = BUILT_PRODUCTS_DIR; };
		34084278261EEE6B005C90CE /* AppDelegate.swift */ = {isa = PBXFileReference; lastKnownFileType = sourcecode.swift; path = AppDelegate.swift; sourceTree = "<group>"; };
		3408427A261EEE6B005C90CE /* SceneDelegate.swift */ = {isa = PBXFileReference; lastKnownFileType = sourcecode.swift; path = SceneDelegate.swift; sourceTree = "<group>"; };
		3408427C261EEE6B005C90CE /* ViewController.swift */ = {isa = PBXFileReference; lastKnownFileType = sourcecode.swift; path = ViewController.swift; sourceTree = "<group>"; };
		3408427F261EEE6B005C90CE /* Base */ = {isa = PBXFileReference; lastKnownFileType = file.storyboard; name = Base; path = Base.lproj/Main.storyboard; sourceTree = "<group>"; };
		34084281261EEE6D005C90CE /* Assets.xcassets */ = {isa = PBXFileReference; lastKnownFileType = folder.assetcatalog; path = Assets.xcassets; sourceTree = "<group>"; };
		34084284261EEE6D005C90CE /* Base */ = {isa = PBXFileReference; lastKnownFileType = file.storyboard; name = Base; path = Base.lproj/LaunchScreen.storyboard; sourceTree = "<group>"; };
		34084286261EEE6D005C90CE /* Info.plist */ = {isa = PBXFileReference; lastKnownFileType = text.plist.xml; path = Info.plist; sourceTree = "<group>"; };
		34084294261EEF67005C90CE /* project04-TodoTDDTests.xctest */ = {isa = PBXFileReference; explicitFileType = wrapper.cfbundle; includeInIndex = 0; path = "project04-TodoTDDTests.xctest"; sourceTree = BUILT_PRODUCTS_DIR; };
		34084296261EEF68005C90CE /* project04_TodoTDDTests.swift */ = {isa = PBXFileReference; lastKnownFileType = sourcecode.swift; path = project04_TodoTDDTests.swift; sourceTree = "<group>"; };
		34084298261EEF68005C90CE /* Info.plist */ = {isa = PBXFileReference; lastKnownFileType = text.plist.xml; path = Info.plist; sourceTree = "<group>"; };
		340842A1261EF793005C90CE /* ToDoItemTests.swift */ = {isa = PBXFileReference; lastKnownFileType = sourcecode.swift; path = ToDoItemTests.swift; sourceTree = "<group>"; };
		340842AC261EFBC9005C90CE /* ToDoItem.swift */ = {isa = PBXFileReference; lastKnownFileType = sourcecode.swift; path = ToDoItem.swift; sourceTree = "<group>"; };
		3455C525262033A200809FC5 /* LocationTests.swift */ = {isa = PBXFileReference; lastKnownFileType = sourcecode.swift; path = LocationTests.swift; sourceTree = "<group>"; };
		3455C5292620342F00809FC5 /* Location.swift */ = {isa = PBXFileReference; lastKnownFileType = sourcecode.swift; path = Location.swift; sourceTree = "<group>"; };
/* End PBXFileReference section */

/* Begin PBXFrameworksBuildPhase section */
		34084272261EEE6B005C90CE /* Frameworks */ = {
			isa = PBXFrameworksBuildPhase;
			buildActionMask = 2147483647;
			files = (
			);
			runOnlyForDeploymentPostprocessing = 0;
		};
		34084291261EEF67005C90CE /* Frameworks */ = {
			isa = PBXFrameworksBuildPhase;
			buildActionMask = 2147483647;
			files = (
			);
			runOnlyForDeploymentPostprocessing = 0;
		};
/* End PBXFrameworksBuildPhase section */

/* Begin PBXGroup section */
		3408426C261EEE6B005C90CE = {
			isa = PBXGroup;
			children = (
				34084277261EEE6B005C90CE /* project04-TodoTDD */,
				34084295261EEF67005C90CE /* project04-TodoTDDTests */,
				34084276261EEE6B005C90CE /* Products */,
			);
			sourceTree = "<group>";
		};
		34084276261EEE6B005C90CE /* Products */ = {
			isa = PBXGroup;
			children = (
				34084275261EEE6B005C90CE /* project04-TodoTDD.app */,
				34084294261EEF67005C90CE /* project04-TodoTDDTests.xctest */,
			);
			name = Products;
			sourceTree = "<group>";
		};
		34084277261EEE6B005C90CE /* project04-TodoTDD */ = {
			isa = PBXGroup;
			children = (
				340842AB261EF96F005C90CE /* Storyboard */,
				340842A8261EF7C6005C90CE /* Network */,
				340842A7261EF7BF005C90CE /* Model */,
				340842AA261EF94D005C90CE /* View */,
				340842A9261EF89B005C90CE /* ViewController */,
				34084278261EEE6B005C90CE /* AppDelegate.swift */,
				3408427A261EEE6B005C90CE /* SceneDelegate.swift */,
				3408427C261EEE6B005C90CE /* ViewController.swift */,
				34084281261EEE6D005C90CE /* Assets.xcassets */,
				34084286261EEE6D005C90CE /* Info.plist */,
			);
			path = "project04-TodoTDD";
			sourceTree = "<group>";
		};
		34084295261EEF67005C90CE /* project04-TodoTDDTests */ = {
			isa = PBXGroup;
			children = (
				340842A0261EF76C005C90CE /* Models */,
				34084296261EEF68005C90CE /* project04_TodoTDDTests.swift */,
				34084298261EEF68005C90CE /* Info.plist */,
			);
			path = "project04-TodoTDDTests";
			sourceTree = "<group>";
		};
		340842A0261EF76C005C90CE /* Models */ = {
			isa = PBXGroup;
			children = (
				340842A1261EF793005C90CE /* ToDoItemTests.swift */,
				3455C525262033A200809FC5 /* LocationTests.swift */,
			);
			path = Models;
			sourceTree = "<group>";
		};
		340842A7261EF7BF005C90CE /* Model */ = {
			isa = PBXGroup;
			children = (
				340842AC261EFBC9005C90CE /* ToDoItem.swift */,
				3455C5292620342F00809FC5 /* Location.swift */,
			);
			path = Model;
			sourceTree = "<group>";
		};
		340842A8261EF7C6005C90CE /* Network */ = {
			isa = PBXGroup;
			children = (
			);
			path = Network;
			sourceTree = "<group>";
		};
		340842A9261EF89B005C90CE /* ViewController */ = {
			isa = PBXGroup;
			children = (
			);
			path = ViewController;
			sourceTree = "<group>";
		};
		340842AA261EF94D005C90CE /* View */ = {
			isa = PBXGroup;
			children = (
			);
			path = View;
			sourceTree = "<group>";
		};
		340842AB261EF96F005C90CE /* Storyboard */ = {
			isa = PBXGroup;
			children = (
				34084283261EEE6D005C90CE /* LaunchScreen.storyboard */,
				3408427E261EEE6B005C90CE /* Main.storyboard */,
			);
			path = Storyboard;
			sourceTree = "<group>";
		};
/* End PBXGroup section */

/* Begin PBXNativeTarget section */
		34084274261EEE6B005C90CE /* project04-TodoTDD */ = {
			isa = PBXNativeTarget;
			buildConfigurationList = 34084289261EEE6D005C90CE /* Build configuration list for PBXNativeTarget "project04-TodoTDD" */;
			buildPhases = (
				34084271261EEE6B005C90CE /* Sources */,
				34084272261EEE6B005C90CE /* Frameworks */,
				34084273261EEE6B005C90CE /* Resources */,
			);
			buildRules = (
			);
			dependencies = (
			);
			name = "project04-TodoTDD";
			productName = "project04-TodoTDD";
			productReference = 34084275261EEE6B005C90CE /* project04-TodoTDD.app */;
			productType = "com.apple.product-type.application";
		};
		34084293261EEF67005C90CE /* project04-TodoTDDTests */ = {
			isa = PBXNativeTarget;
			buildConfigurationList = 3408429B261EEF68005C90CE /* Build configuration list for PBXNativeTarget "project04-TodoTDDTests" */;
			buildPhases = (
				34084290261EEF67005C90CE /* Sources */,
				34084291261EEF67005C90CE /* Frameworks */,
				34084292261EEF67005C90CE /* Resources */,
			);
			buildRules = (
			);
			dependencies = (
				3408429A261EEF68005C90CE /* PBXTargetDependency */,
			);
			name = "project04-TodoTDDTests";
			productName = "project04-TodoTDDTests";
			productReference = 34084294261EEF67005C90CE /* project04-TodoTDDTests.xctest */;
			productType = "com.apple.product-type.bundle.unit-test";
		};
/* End PBXNativeTarget section */

/* Begin PBXProject section */
		3408426D261EEE6B005C90CE /* Project object */ = {
			isa = PBXProject;
			attributes = {
				LastSwiftUpdateCheck = 1240;
				LastUpgradeCheck = 1240;
				TargetAttributes = {
					34084274261EEE6B005C90CE = {
						CreatedOnToolsVersion = 12.4;
					};
					34084293261EEF67005C90CE = {
						CreatedOnToolsVersion = 12.4;
						TestTargetID = 34084274261EEE6B005C90CE;
					};
				};
			};
			buildConfigurationList = 34084270261EEE6B005C90CE /* Build configuration list for PBXProject "project04-TodoTDD" */;
			compatibilityVersion = "Xcode 9.3";
			developmentRegion = en;
			hasScannedForEncodings = 0;
			knownRegions = (
				en,
				Base,
			);
			mainGroup = 3408426C261EEE6B005C90CE;
			productRefGroup = 34084276261EEE6B005C90CE /* Products */;
			projectDirPath = "";
			projectRoot = "";
			targets = (
				34084274261EEE6B005C90CE /* project04-TodoTDD */,
				34084293261EEF67005C90CE /* project04-TodoTDDTests */,
			);
		};
/* End PBXProject section */

/* Begin PBXResourcesBuildPhase section */
		34084273261EEE6B005C90CE /* Resources */ = {
			isa = PBXResourcesBuildPhase;
			buildActionMask = 2147483647;
			files = (
				34084285261EEE6D005C90CE /* LaunchScreen.storyboard in Resources */,
				34084282261EEE6D005C90CE /* Assets.xcassets in Resources */,
				34084280261EEE6B005C90CE /* Main.storyboard in Resources */,
			);
			runOnlyForDeploymentPostprocessing = 0;
		};
		34084292261EEF67005C90CE /* Resources */ = {
			isa = PBXResourcesBuildPhase;
			buildActionMask = 2147483647;
			files = (
			);
			runOnlyForDeploymentPostprocessing = 0;
		};
/* End PBXResourcesBuildPhase section */

/* Begin PBXSourcesBuildPhase section */
		34084271261EEE6B005C90CE /* Sources */ = {
			isa = PBXSourcesBuildPhase;
			buildActionMask = 2147483647;
			files = (
				3408427D261EEE6B005C90CE /* ViewController.swift in Sources */,
				34084279261EEE6B005C90CE /* AppDelegate.swift in Sources */,
				3455C52A2620342F00809FC5 /* Location.swift in Sources */,
				340842AD261EFBC9005C90CE /* ToDoItem.swift in Sources */,
				3408427B261EEE6B005C90CE /* SceneDelegate.swift in Sources */,
			);
			runOnlyForDeploymentPostprocessing = 0;
		};
		34084290261EEF67005C90CE /* Sources */ = {
			isa = PBXSourcesBuildPhase;
			buildActionMask = 2147483647;
			files = (
				340842A2261EF793005C90CE /* ToDoItemTests.swift in Sources */,
				3455C526262033A200809FC5 /* LocationTests.swift in Sources */,
				3455C52D26203A6100809FC5 /* Location.swift in Sources */,
				34084297261EEF68005C90CE /* project04_TodoTDDTests.swift in Sources */,
			);
			runOnlyForDeploymentPostprocessing = 0;
		};
/* End PBXSourcesBuildPhase section */

/* Begin PBXTargetDependency section */
		3408429A261EEF68005C90CE /* PBXTargetDependency */ = {
			isa = PBXTargetDependency;
			target = 34084274261EEE6B005C90CE /* project04-TodoTDD */;
			targetProxy = 34084299261EEF68005C90CE /* PBXContainerItemProxy */;
		};
/* End PBXTargetDependency section */

/* Begin PBXVariantGroup section */
		3408427E261EEE6B005C90CE /* Main.storyboard */ = {
			isa = PBXVariantGroup;
			children = (
				3408427F261EEE6B005C90CE /* Base */,
			);
			name = Main.storyboard;
			sourceTree = "<group>";
		};
		34084283261EEE6D005C90CE /* LaunchScreen.storyboard */ = {
			isa = PBXVariantGroup;
			children = (
				34084284261EEE6D005C90CE /* Base */,
			);
			name = LaunchScreen.storyboard;
			sourceTree = "<group>";
		};
/* End PBXVariantGroup section */

/* Begin XCBuildConfiguration section */
		34084287261EEE6D005C90CE /* Debug */ = {
			isa = XCBuildConfiguration;
			buildSettings = {
				ALWAYS_SEARCH_USER_PATHS = NO;
				CLANG_ANALYZER_NONNULL = YES;
				CLANG_ANALYZER_NUMBER_OBJECT_CONVERSION = YES_AGGRESSIVE;
				CLANG_CXX_LANGUAGE_STANDARD = "gnu++14";
				CLANG_CXX_LIBRARY = "libc++";
				CLANG_ENABLE_MODULES = YES;
				CLANG_ENABLE_OBJC_ARC = YES;
				CLANG_ENABLE_OBJC_WEAK = YES;
				CLANG_WARN_BLOCK_CAPTURE_AUTORELEASING = YES;
				CLANG_WARN_BOOL_CONVERSION = YES;
				CLANG_WARN_COMMA = YES;
				CLANG_WARN_CONSTANT_CONVERSION = YES;
				CLANG_WARN_DEPRECATED_OBJC_IMPLEMENTATIONS = YES;
				CLANG_WARN_DIRECT_OBJC_ISA_USAGE = YES_ERROR;
				CLANG_WARN_DOCUMENTATION_COMMENTS = YES;
				CLANG_WARN_EMPTY_BODY = YES;
				CLANG_WARN_ENUM_CONVERSION = YES;
				CLANG_WARN_INFINITE_RECURSION = YES;
				CLANG_WARN_INT_CONVERSION = YES;
				CLANG_WARN_NON_LITERAL_NULL_CONVERSION = YES;
				CLANG_WARN_OBJC_IMPLICIT_RETAIN_SELF = YES;
				CLANG_WARN_OBJC_LITERAL_CONVERSION = YES;
				CLANG_WARN_OBJC_ROOT_CLASS = YES_ERROR;
				CLANG_WARN_QUOTED_INCLUDE_IN_FRAMEWORK_HEADER = YES;
				CLANG_WARN_RANGE_LOOP_ANALYSIS = YES;
				CLANG_WARN_STRICT_PROTOTYPES = YES;
				CLANG_WARN_SUSPICIOUS_MOVE = YES;
				CLANG_WARN_UNGUARDED_AVAILABILITY = YES_AGGRESSIVE;
				CLANG_WARN_UNREACHABLE_CODE = YES;
				CLANG_WARN__DUPLICATE_METHOD_MATCH = YES;
				COPY_PHASE_STRIP = NO;
				DEBUG_INFORMATION_FORMAT = dwarf;
				ENABLE_STRICT_OBJC_MSGSEND = YES;
				ENABLE_TESTABILITY = YES;
				GCC_C_LANGUAGE_STANDARD = gnu11;
				GCC_DYNAMIC_NO_PIC = NO;
				GCC_NO_COMMON_BLOCKS = YES;
				GCC_OPTIMIZATION_LEVEL = 0;
				GCC_PREPROCESSOR_DEFINITIONS = (
					"DEBUG=1",
					"$(inherited)",
				);
				GCC_WARN_64_TO_32_BIT_CONVERSION = YES;
				GCC_WARN_ABOUT_RETURN_TYPE = YES_ERROR;
				GCC_WARN_UNDECLARED_SELECTOR = YES;
				GCC_WARN_UNINITIALIZED_AUTOS = YES_AGGRESSIVE;
				GCC_WARN_UNUSED_FUNCTION = YES;
				GCC_WARN_UNUSED_VARIABLE = YES;
				IPHONEOS_DEPLOYMENT_TARGET = 14.4;
				MTL_ENABLE_DEBUG_INFO = INCLUDE_SOURCE;
				MTL_FAST_MATH = YES;
				ONLY_ACTIVE_ARCH = YES;
				SDKROOT = iphoneos;
				SWIFT_ACTIVE_COMPILATION_CONDITIONS = DEBUG;
				SWIFT_OPTIMIZATION_LEVEL = "-Onone";
			};
			name = Debug;
		};
		34084288261EEE6D005C90CE /* Release */ = {
			isa = XCBuildConfiguration;
			buildSettings = {
				ALWAYS_SEARCH_USER_PATHS = NO;
				CLANG_ANALYZER_NONNULL = YES;
				CLANG_ANALYZER_NUMBER_OBJECT_CONVERSION = YES_AGGRESSIVE;
				CLANG_CXX_LANGUAGE_STANDARD = "gnu++14";
				CLANG_CXX_LIBRARY = "libc++";
				CLANG_ENABLE_MODULES = YES;
				CLANG_ENABLE_OBJC_ARC = YES;
				CLANG_ENABLE_OBJC_WEAK = YES;
				CLANG_WARN_BLOCK_CAPTURE_AUTORELEASING = YES;
				CLANG_WARN_BOOL_CONVERSION = YES;
				CLANG_WARN_COMMA = YES;
				CLANG_WARN_CONSTANT_CONVERSION = YES;
				CLANG_WARN_DEPRECATED_OBJC_IMPLEMENTATIONS = YES;
				CLANG_WARN_DIRECT_OBJC_ISA_USAGE = YES_ERROR;
				CLANG_WARN_DOCUMENTATION_COMMENTS = YES;
				CLANG_WARN_EMPTY_BODY = YES;
				CLANG_WARN_ENUM_CONVERSION = YES;
				CLANG_WARN_INFINITE_RECURSION = YES;
				CLANG_WARN_INT_CONVERSION = YES;
				CLANG_WARN_NON_LITERAL_NULL_CONVERSION = YES;
				CLANG_WARN_OBJC_IMPLICIT_RETAIN_SELF = YES;
				CLANG_WARN_OBJC_LITERAL_CONVERSION = YES;
				CLANG_WARN_OBJC_ROOT_CLASS = YES_ERROR;
				CLANG_WARN_QUOTED_INCLUDE_IN_FRAMEWORK_HEADER = YES;
				CLANG_WARN_RANGE_LOOP_ANALYSIS = YES;
				CLANG_WARN_STRICT_PROTOTYPES = YES;
				CLANG_WARN_SUSPICIOUS_MOVE = YES;
				CLANG_WARN_UNGUARDED_AVAILABILITY = YES_AGGRESSIVE;
				CLANG_WARN_UNREACHABLE_CODE = YES;
				CLANG_WARN__DUPLICATE_METHOD_MATCH = YES;
				COPY_PHASE_STRIP = NO;
				DEBUG_INFORMATION_FORMAT = "dwarf-with-dsym";
				ENABLE_NS_ASSERTIONS = NO;
				ENABLE_STRICT_OBJC_MSGSEND = YES;
				GCC_C_LANGUAGE_STANDARD = gnu11;
				GCC_NO_COMMON_BLOCKS = YES;
				GCC_WARN_64_TO_32_BIT_CONVERSION = YES;
				GCC_WARN_ABOUT_RETURN_TYPE = YES_ERROR;
				GCC_WARN_UNDECLARED_SELECTOR = YES;
				GCC_WARN_UNINITIALIZED_AUTOS = YES_AGGRESSIVE;
				GCC_WARN_UNUSED_FUNCTION = YES;
				GCC_WARN_UNUSED_VARIABLE = YES;
				IPHONEOS_DEPLOYMENT_TARGET = 14.4;
				MTL_ENABLE_DEBUG_INFO = NO;
				MTL_FAST_MATH = YES;
				SDKROOT = iphoneos;
				SWIFT_COMPILATION_MODE = wholemodule;
				SWIFT_OPTIMIZATION_LEVEL = "-O";
				VALIDATE_PRODUCT = YES;
			};
			name = Release;
		};
		3408428A261EEE6D005C90CE /* Debug */ = {
			isa = XCBuildConfiguration;
			buildSettings = {
				ASSETCATALOG_COMPILER_APPICON_NAME = AppIcon;
				ASSETCATALOG_COMPILER_GLOBAL_ACCENT_COLOR_NAME = AccentColor;
				CODE_SIGN_STYLE = Automatic;
				DEVELOPMENT_TEAM = 4WAJS5YV8W;
				INFOPLIST_FILE = "project04-TodoTDD/Info.plist";
				LD_RUNPATH_SEARCH_PATHS = (
					"$(inherited)",
					"@executable_path/Frameworks",
				);
				PRODUCT_BUNDLE_IDENTIFIER = "SungminPark.project04-TodoTDD";
				PRODUCT_NAME = "$(TARGET_NAME)";
				SWIFT_VERSION = 5.0;
				TARGETED_DEVICE_FAMILY = "1,2";
			};
			name = Debug;
		};
		3408428B261EEE6D005C90CE /* Release */ = {
			isa = XCBuildConfiguration;
			buildSettings = {
				ASSETCATALOG_COMPILER_APPICON_NAME = AppIcon;
				ASSETCATALOG_COMPILER_GLOBAL_ACCENT_COLOR_NAME = AccentColor;
				CODE_SIGN_STYLE = Automatic;
				DEVELOPMENT_TEAM = 4WAJS5YV8W;
				INFOPLIST_FILE = "project04-TodoTDD/Info.plist";
				LD_RUNPATH_SEARCH_PATHS = (
					"$(inherited)",
					"@executable_path/Frameworks",
				);
				PRODUCT_BUNDLE_IDENTIFIER = "SungminPark.project04-TodoTDD";
				PRODUCT_NAME = "$(TARGET_NAME)";
				SWIFT_VERSION = 5.0;
				TARGETED_DEVICE_FAMILY = "1,2";
			};
			name = Release;
		};
		3408429C261EEF68005C90CE /* Debug */ = {
			isa = XCBuildConfiguration;
			buildSettings = {
				BUNDLE_LOADER = "$(TEST_HOST)";
				CODE_SIGN_STYLE = Automatic;
				DEVELOPMENT_TEAM = 4WAJS5YV8W;
				INFOPLIST_FILE = "project04-TodoTDDTests/Info.plist";
				LD_RUNPATH_SEARCH_PATHS = (
					"$(inherited)",
					"@executable_path/Frameworks",
					"@loader_path/Frameworks",
				);
				PRODUCT_BUNDLE_IDENTIFIER = "SungminPark.project04-TodoTDDTests";
				PRODUCT_NAME = "$(TARGET_NAME)";
				SWIFT_VERSION = 5.0;
				TARGETED_DEVICE_FAMILY = "1,2";
				TEST_HOST = "$(BUILT_PRODUCTS_DIR)/project04-TodoTDD.app/project04-TodoTDD";
			};
			name = Debug;
		};
		3408429D261EEF68005C90CE /* Release */ = {
			isa = XCBuildConfiguration;
			buildSettings = {
				BUNDLE_LOADER = "$(TEST_HOST)";
				CODE_SIGN_STYLE = Automatic;
				DEVELOPMENT_TEAM = 4WAJS5YV8W;
				INFOPLIST_FILE = "project04-TodoTDDTests/Info.plist";
				LD_RUNPATH_SEARCH_PATHS = (
					"$(inherited)",
					"@executable_path/Frameworks",
					"@loader_path/Frameworks",
				);
				PRODUCT_BUNDLE_IDENTIFIER = "SungminPark.project04-TodoTDDTests";
				PRODUCT_NAME = "$(TARGET_NAME)";
				SWIFT_VERSION = 5.0;
				TARGETED_DEVICE_FAMILY = "1,2";
				TEST_HOST = "$(BUILT_PRODUCTS_DIR)/project04-TodoTDD.app/project04-TodoTDD";
			};
			name = Release;
		};
/* End XCBuildConfiguration section */

/* Begin XCConfigurationList section */
		34084270261EEE6B005C90CE /* Build configuration list for PBXProject "project04-TodoTDD" */ = {
			isa = XCConfigurationList;
			buildConfigurations = (
				34084287261EEE6D005C90CE /* Debug */,
				34084288261EEE6D005C90CE /* Release */,
			);
			defaultConfigurationIsVisible = 0;
			defaultConfigurationName = Release;
		};
		34084289261EEE6D005C90CE /* Build configuration list for PBXNativeTarget "project04-TodoTDD" */ = {
			isa = XCConfigurationList;
			buildConfigurations = (
				3408428A261EEE6D005C90CE /* Debug */,
				3408428B261EEE6D005C90CE /* Release */,
			);
			defaultConfigurationIsVisible = 0;
			defaultConfigurationName = Release;
		};
		3408429B261EEF68005C90CE /* Build configuration list for PBXNativeTarget "project04-TodoTDDTests" */ = {
			isa = XCConfigurationList;
			buildConfigurations = (
				3408429C261EEF68005C90CE /* Debug */,
				3408429D261EEF68005C90CE /* Release */,
			);
			defaultConfigurationIsVisible = 0;
			defaultConfigurationName = Release;
		};
/* End XCConfigurationList section */
	};
	rootObject = 3408426D261EEE6B005C90CE /* Project object */;
}
