// !$*UTF8*$!
{
	archiveVersion = 1;
	classes = {
	};
	objectVersion = 51;
	objects = {

/* Begin PBXBuildFile section */
		3428A4DF262E9FDA0077DD77 /* Memo.swift in Sources */ = {isa = PBXBuildFile; fileRef = 3428A4DE262E9FDA0077DD77 /* Memo.swift */; };
		34362A5E263FE4A200239993 /* MemoTableViewCell.swift in Sources */ = {isa = PBXBuildFile; fileRef = 34362A5D263FE4A200239993 /* MemoTableViewCell.swift */; };
		34362A6126402F6000239993 /* Date+String.swift in Sources */ = {isa = PBXBuildFile; fileRef = 34362A6026402F6000239993 /* Date+String.swift */; };
		347E930D26369CAB0034D723 /* MemoStorageType.swift in Sources */ = {isa = PBXBuildFile; fileRef = 347E930C26369CAB0034D723 /* MemoStorageType.swift */; };
		347E931026369DED0034D723 /* CoreDataStorage.swift in Sources */ = {isa = PBXBuildFile; fileRef = 347E930F26369DED0034D723 /* CoreDataStorage.swift */; };
		348ACE40262DA00500CDDFCB /* AppDelegate.swift in Sources */ = {isa = PBXBuildFile; fileRef = 348ACE3F262DA00500CDDFCB /* AppDelegate.swift */; };
		348ACE42262DA00500CDDFCB /* SceneDelegate.swift in Sources */ = {isa = PBXBuildFile; fileRef = 348ACE41262DA00500CDDFCB /* SceneDelegate.swift */; };
		348ACE44262DA00500CDDFCB /* MemoListViewController.swift in Sources */ = {isa = PBXBuildFile; fileRef = 348ACE43262DA00500CDDFCB /* MemoListViewController.swift */; };
		348ACE47262DA00500CDDFCB /* Main.storyboard in Resources */ = {isa = PBXBuildFile; fileRef = 348ACE45262DA00500CDDFCB /* Main.storyboard */; };
		348ACE4A262DA00500CDDFCB /* project04_RxMemo.xcdatamodeld in Sources */ = {isa = PBXBuildFile; fileRef = 348ACE48262DA00500CDDFCB /* project04_RxMemo.xcdatamodeld */; };
		348ACE4C262DA00600CDDFCB /* Assets.xcassets in Resources */ = {isa = PBXBuildFile; fileRef = 348ACE4B262DA00600CDDFCB /* Assets.xcassets */; };
		348ACE4F262DA00600CDDFCB /* LaunchScreen.storyboard in Resources */ = {isa = PBXBuildFile; fileRef = 348ACE4D262DA00600CDDFCB /* LaunchScreen.storyboard */; };
		34DEC824263E49240007D509 /* MemoryStorage.swift in Sources */ = {isa = PBXBuildFile; fileRef = 34DEC823263E49240007D509 /* MemoryStorage.swift */; };
		34DEC827263E4DBA0007D509 /* MemoListViewModel.swift in Sources */ = {isa = PBXBuildFile; fileRef = 34DEC826263E4DBA0007D509 /* MemoListViewModel.swift */; };
		34DEC82A263E9D580007D509 /* TansitionModel.swift in Sources */ = {isa = PBXBuildFile; fileRef = 34DEC829263E9D580007D509 /* TansitionModel.swift */; };
		34DEC82C263E9F100007D509 /* Scene.swift in Sources */ = {isa = PBXBuildFile; fileRef = 34DEC82B263E9F100007D509 /* Scene.swift */; };
		34DEC82E263E9FDE0007D509 /* CommonViewModel.swift in Sources */ = {isa = PBXBuildFile; fileRef = 34DEC82D263E9FDE0007D509 /* CommonViewModel.swift */; };
		34DEC830263EA0ED0007D509 /* SceneCoordinatorType.swift in Sources */ = {isa = PBXBuildFile; fileRef = 34DEC82F263EA0ED0007D509 /* SceneCoordinatorType.swift */; };
		34DEC832263EA27F0007D509 /* SceneController.swift in Sources */ = {isa = PBXBuildFile; fileRef = 34DEC831263EA27F0007D509 /* SceneController.swift */; };
		34DEC835263EB1C80007D509 /* ViewModelBindableType.swift in Sources */ = {isa = PBXBuildFile; fileRef = 34DEC834263EB1C80007D509 /* ViewModelBindableType.swift */; };
		38CFDC0FCA95F9DB8BF3CC42 /* Pods_project04_RxMemo.framework in Frameworks */ = {isa = PBXBuildFile; fileRef = 858905D3D5E15AA54DC83372 /* Pods_project04_RxMemo.framework */; };
/* End PBXBuildFile section */

/* Begin PBXFileReference section */
		3428A4DE262E9FDA0077DD77 /* Memo.swift */ = {isa = PBXFileReference; lastKnownFileType = sourcecode.swift; path = Memo.swift; sourceTree = "<group>"; };
		34362A5D263FE4A200239993 /* MemoTableViewCell.swift */ = {isa = PBXFileReference; lastKnownFileType = sourcecode.swift; path = MemoTableViewCell.swift; sourceTree = "<group>"; };
		34362A6026402F6000239993 /* Date+String.swift */ = {isa = PBXFileReference; lastKnownFileType = sourcecode.swift; path = "Date+String.swift"; sourceTree = "<group>"; };
		347E930C26369CAB0034D723 /* MemoStorageType.swift */ = {isa = PBXFileReference; lastKnownFileType = sourcecode.swift; path = MemoStorageType.swift; sourceTree = "<group>"; };
		347E930F26369DED0034D723 /* CoreDataStorage.swift */ = {isa = PBXFileReference; lastKnownFileType = sourcecode.swift; path = CoreDataStorage.swift; sourceTree = "<group>"; };
		348ACE3C262DA00500CDDFCB /* project04-RxMemo.app */ = {isa = PBXFileReference; explicitFileType = wrapper.application; includeInIndex = 0; path = "project04-RxMemo.app"; sourceTree = BUILT_PRODUCTS_DIR; };
		348ACE3F262DA00500CDDFCB /* AppDelegate.swift */ = {isa = PBXFileReference; lastKnownFileType = sourcecode.swift; path = AppDelegate.swift; sourceTree = "<group>"; };
		348ACE41262DA00500CDDFCB /* SceneDelegate.swift */ = {isa = PBXFileReference; lastKnownFileType = sourcecode.swift; path = SceneDelegate.swift; sourceTree = "<group>"; };
		348ACE43262DA00500CDDFCB /* MemoListViewController.swift */ = {isa = PBXFileReference; lastKnownFileType = sourcecode.swift; path = MemoListViewController.swift; sourceTree = "<group>"; };
		348ACE46262DA00500CDDFCB /* Base */ = {isa = PBXFileReference; lastKnownFileType = file.storyboard; name = Base; path = Base.lproj/Main.storyboard; sourceTree = "<group>"; };
		348ACE49262DA00500CDDFCB /* project04_RxMemo.xcdatamodel */ = {isa = PBXFileReference; lastKnownFileType = wrapper.xcdatamodel; path = project04_RxMemo.xcdatamodel; sourceTree = "<group>"; };
		348ACE4B262DA00600CDDFCB /* Assets.xcassets */ = {isa = PBXFileReference; lastKnownFileType = folder.assetcatalog; path = Assets.xcassets; sourceTree = "<group>"; };
		348ACE4E262DA00600CDDFCB /* Base */ = {isa = PBXFileReference; lastKnownFileType = file.storyboard; name = Base; path = Base.lproj/LaunchScreen.storyboard; sourceTree = "<group>"; };
		348ACE50262DA00600CDDFCB /* Info.plist */ = {isa = PBXFileReference; lastKnownFileType = text.plist.xml; path = Info.plist; sourceTree = "<group>"; };
		34DEC823263E49240007D509 /* MemoryStorage.swift */ = {isa = PBXFileReference; lastKnownFileType = sourcecode.swift; path = MemoryStorage.swift; sourceTree = "<group>"; };
		34DEC826263E4DBA0007D509 /* MemoListViewModel.swift */ = {isa = PBXFileReference; lastKnownFileType = sourcecode.swift; path = MemoListViewModel.swift; sourceTree = "<group>"; };
		34DEC829263E9D580007D509 /* TansitionModel.swift */ = {isa = PBXFileReference; lastKnownFileType = sourcecode.swift; path = TansitionModel.swift; sourceTree = "<group>"; };
		34DEC82B263E9F100007D509 /* Scene.swift */ = {isa = PBXFileReference; lastKnownFileType = sourcecode.swift; path = Scene.swift; sourceTree = "<group>"; };
		34DEC82D263E9FDE0007D509 /* CommonViewModel.swift */ = {isa = PBXFileReference; lastKnownFileType = sourcecode.swift; path = CommonViewModel.swift; sourceTree = "<group>"; };
		34DEC82F263EA0ED0007D509 /* SceneCoordinatorType.swift */ = {isa = PBXFileReference; lastKnownFileType = sourcecode.swift; path = SceneCoordinatorType.swift; sourceTree = "<group>"; };
		34DEC831263EA27F0007D509 /* SceneController.swift */ = {isa = PBXFileReference; lastKnownFileType = sourcecode.swift; path = SceneController.swift; sourceTree = "<group>"; };
		34DEC834263EB1C80007D509 /* ViewModelBindableType.swift */ = {isa = PBXFileReference; lastKnownFileType = sourcecode.swift; path = ViewModelBindableType.swift; sourceTree = "<group>"; };
		45AA3881E9BA3915C845CCB1 /* Pods-project04-RxMemo.debug.xcconfig */ = {isa = PBXFileReference; includeInIndex = 1; lastKnownFileType = text.xcconfig; name = "Pods-project04-RxMemo.debug.xcconfig"; path = "Target Support Files/Pods-project04-RxMemo/Pods-project04-RxMemo.debug.xcconfig"; sourceTree = "<group>"; };
		858905D3D5E15AA54DC83372 /* Pods_project04_RxMemo.framework */ = {isa = PBXFileReference; explicitFileType = wrapper.framework; includeInIndex = 0; path = Pods_project04_RxMemo.framework; sourceTree = BUILT_PRODUCTS_DIR; };
		FEB4B896F7E21BDB2425A0A7 /* Pods-project04-RxMemo.release.xcconfig */ = {isa = PBXFileReference; includeInIndex = 1; lastKnownFileType = text.xcconfig; name = "Pods-project04-RxMemo.release.xcconfig"; path = "Target Support Files/Pods-project04-RxMemo/Pods-project04-RxMemo.release.xcconfig"; sourceTree = "<group>"; };
/* End PBXFileReference section */

/* Begin PBXFrameworksBuildPhase section */
		348ACE39262DA00500CDDFCB /* Frameworks */ = {
			isa = PBXFrameworksBuildPhase;
			buildActionMask = 2147483647;
			files = (
				38CFDC0FCA95F9DB8BF3CC42 /* Pods_project04_RxMemo.framework in Frameworks */,
			);
			runOnlyForDeploymentPostprocessing = 0;
		};
/* End PBXFrameworksBuildPhase section */

/* Begin PBXGroup section */
		3428A4DC262E9F8C0077DD77 /* Model */ = {
			isa = PBXGroup;
			children = (
				3428A4DE262E9FDA0077DD77 /* Memo.swift */,
			);
			path = Model;
			sourceTree = "<group>";
		};
		3428A4DD262E9F930077DD77 /* Service */ = {
			isa = PBXGroup;
			children = (
				34DEC822263E49060007D509 /* MemoryStorage */,
				347E930A26369B5D0034D723 /* CoreDataStorage */,
				347E930C26369CAB0034D723 /* MemoStorageType.swift */,
			);
			path = Service;
			sourceTree = "<group>";
		};
		34362A5C263FE48500239993 /* View */ = {
			isa = PBXGroup;
			children = (
				34362A5D263FE4A200239993 /* MemoTableViewCell.swift */,
			);
			path = View;
			sourceTree = "<group>";
		};
		34362A5F26402F1D00239993 /* Common */ = {
			isa = PBXGroup;
			children = (
				34362A6026402F6000239993 /* Date+String.swift */,
			);
			path = Common;
			sourceTree = "<group>";
		};
		347E930A26369B5D0034D723 /* CoreDataStorage */ = {
			isa = PBXGroup;
			children = (
				348ACE48262DA00500CDDFCB /* project04_RxMemo.xcdatamodeld */,
				347E930F26369DED0034D723 /* CoreDataStorage.swift */,
			);
			path = CoreDataStorage;
			sourceTree = "<group>";
		};
		348ACE33262DA00500CDDFCB = {
			isa = PBXGroup;
			children = (
				348ACE3E262DA00500CDDFCB /* project04-RxMemo */,
				348ACE3D262DA00500CDDFCB /* Products */,
				ADBE6DDD6BEEE1790FB71110 /* Pods */,
				E791D52B5814E1AFB23A7E21 /* Frameworks */,
			);
			sourceTree = "<group>";
		};
		348ACE3D262DA00500CDDFCB /* Products */ = {
			isa = PBXGroup;
			children = (
				348ACE3C262DA00500CDDFCB /* project04-RxMemo.app */,
			);
			name = Products;
			sourceTree = "<group>";
		};
		348ACE3E262DA00500CDDFCB /* project04-RxMemo */ = {
			isa = PBXGroup;
			children = (
				34362A5F26402F1D00239993 /* Common */,
				34DEC828263E9CA50007D509 /* Scene */,
				3428A4DD262E9F930077DD77 /* Service */,
				34DEC833263EB19B0007D509 /* ViewController */,
				34DEC825263E4D980007D509 /* ViewModel */,
				3428A4DC262E9F8C0077DD77 /* Model */,
				348ACE3F262DA00500CDDFCB /* AppDelegate.swift */,
				348ACE41262DA00500CDDFCB /* SceneDelegate.swift */,
				348ACE4B262DA00600CDDFCB /* Assets.xcassets */,
				348ACE4D262DA00600CDDFCB /* LaunchScreen.storyboard */,
				348ACE50262DA00600CDDFCB /* Info.plist */,
			);
			path = "project04-RxMemo";
			sourceTree = "<group>";
		};
		34DEC822263E49060007D509 /* MemoryStorage */ = {
			isa = PBXGroup;
			children = (
				34DEC823263E49240007D509 /* MemoryStorage.swift */,
			);
			path = MemoryStorage;
			sourceTree = "<group>";
		};
		34DEC825263E4D980007D509 /* ViewModel */ = {
			isa = PBXGroup;
			children = (
				34DEC826263E4DBA0007D509 /* MemoListViewModel.swift */,
				34DEC82D263E9FDE0007D509 /* CommonViewModel.swift */,
			);
			path = ViewModel;
			sourceTree = "<group>";
		};
		34DEC828263E9CA50007D509 /* Scene */ = {
			isa = PBXGroup;
			children = (
				34DEC829263E9D580007D509 /* TansitionModel.swift */,
				34DEC82B263E9F100007D509 /* Scene.swift */,
				34DEC82F263EA0ED0007D509 /* SceneCoordinatorType.swift */,
				34DEC831263EA27F0007D509 /* SceneController.swift */,
			);
			path = Scene;
			sourceTree = "<group>";
		};
		34DEC833263EB19B0007D509 /* ViewController */ = {
			isa = PBXGroup;
			children = (
				34362A5C263FE48500239993 /* View */,
				348ACE45262DA00500CDDFCB /* Main.storyboard */,
				348ACE43262DA00500CDDFCB /* MemoListViewController.swift */,
				34DEC834263EB1C80007D509 /* ViewModelBindableType.swift */,
			);
			path = ViewController;
			sourceTree = "<group>";
		};
		ADBE6DDD6BEEE1790FB71110 /* Pods */ = {
			isa = PBXGroup;
			children = (
				45AA3881E9BA3915C845CCB1 /* Pods-project04-RxMemo.debug.xcconfig */,
				FEB4B896F7E21BDB2425A0A7 /* Pods-project04-RxMemo.release.xcconfig */,
			);
			path = Pods;
			sourceTree = "<group>";
		};
		E791D52B5814E1AFB23A7E21 /* Frameworks */ = {
			isa = PBXGroup;
			children = (
				858905D3D5E15AA54DC83372 /* Pods_project04_RxMemo.framework */,
			);
			name = Frameworks;
			sourceTree = "<group>";
		};
/* End PBXGroup section */

/* Begin PBXNativeTarget section */
		348ACE3B262DA00500CDDFCB /* project04-RxMemo */ = {
			isa = PBXNativeTarget;
			buildConfigurationList = 348ACE53262DA00600CDDFCB /* Build configuration list for PBXNativeTarget "project04-RxMemo" */;
			buildPhases = (
				31B29F5011EDF7DD1221A871 /* [CP] Check Pods Manifest.lock */,
				348ACE38262DA00500CDDFCB /* Sources */,
				348ACE39262DA00500CDDFCB /* Frameworks */,
				348ACE3A262DA00500CDDFCB /* Resources */,
				63F4A6EB83D06D6807EF5DE5 /* [CP] Embed Pods Frameworks */,
			);
			buildRules = (
			);
			dependencies = (
			);
			name = "project04-RxMemo";
			productName = "project04-RxMemo";
			productReference = 348ACE3C262DA00500CDDFCB /* project04-RxMemo.app */;
			productType = "com.apple.product-type.application";
		};
/* End PBXNativeTarget section */

/* Begin PBXProject section */
		348ACE34262DA00500CDDFCB /* Project object */ = {
			isa = PBXProject;
			attributes = {
				LastSwiftUpdateCheck = 1240;
				LastUpgradeCheck = 1240;
				TargetAttributes = {
					348ACE3B262DA00500CDDFCB = {
						CreatedOnToolsVersion = 12.4;
					};
				};
			};
			buildConfigurationList = 348ACE37262DA00500CDDFCB /* Build configuration list for PBXProject "project04-RxMemo" */;
			compatibilityVersion = "Xcode 9.3";
			developmentRegion = en;
			hasScannedForEncodings = 0;
			knownRegions = (
				en,
				Base,
			);
			mainGroup = 348ACE33262DA00500CDDFCB;
			productRefGroup = 348ACE3D262DA00500CDDFCB /* Products */;
			projectDirPath = "";
			projectRoot = "";
			targets = (
				348ACE3B262DA00500CDDFCB /* project04-RxMemo */,
			);
		};
/* End PBXProject section */

/* Begin PBXResourcesBuildPhase section */
		348ACE3A262DA00500CDDFCB /* Resources */ = {
			isa = PBXResourcesBuildPhase;
			buildActionMask = 2147483647;
			files = (
				348ACE4F262DA00600CDDFCB /* LaunchScreen.storyboard in Resources */,
				348ACE4C262DA00600CDDFCB /* Assets.xcassets in Resources */,
				348ACE47262DA00500CDDFCB /* Main.storyboard in Resources */,
			);
			runOnlyForDeploymentPostprocessing = 0;
		};
/* End PBXResourcesBuildPhase section */

/* Begin PBXShellScriptBuildPhase section */
		31B29F5011EDF7DD1221A871 /* [CP] Check Pods Manifest.lock */ = {
			isa = PBXShellScriptBuildPhase;
			buildActionMask = 2147483647;
			files = (
			);
			inputFileListPaths = (
			);
			inputPaths = (
				"${PODS_PODFILE_DIR_PATH}/Podfile.lock",
				"${PODS_ROOT}/Manifest.lock",
			);
			name = "[CP] Check Pods Manifest.lock";
			outputFileListPaths = (
			);
			outputPaths = (
				"$(DERIVED_FILE_DIR)/Pods-project04-RxMemo-checkManifestLockResult.txt",
			);
			runOnlyForDeploymentPostprocessing = 0;
			shellPath = /bin/sh;
			shellScript = "diff \"${PODS_PODFILE_DIR_PATH}/Podfile.lock\" \"${PODS_ROOT}/Manifest.lock\" > /dev/null\nif [ $? != 0 ] ; then\n    # print error to STDERR\n    echo \"error: The sandbox is not in sync with the Podfile.lock. Run 'pod install' or update your CocoaPods installation.\" >&2\n    exit 1\nfi\n# This output is used by Xcode 'outputs' to avoid re-running this script phase.\necho \"SUCCESS\" > \"${SCRIPT_OUTPUT_FILE_0}\"\n";
			showEnvVarsInLog = 0;
		};
		63F4A6EB83D06D6807EF5DE5 /* [CP] Embed Pods Frameworks */ = {
			isa = PBXShellScriptBuildPhase;
			buildActionMask = 2147483647;
			files = (
			);
			inputFileListPaths = (
				"${PODS_ROOT}/Target Support Files/Pods-project04-RxMemo/Pods-project04-RxMemo-frameworks-${CONFIGURATION}-input-files.xcfilelist",
			);
			name = "[CP] Embed Pods Frameworks";
			outputFileListPaths = (
				"${PODS_ROOT}/Target Support Files/Pods-project04-RxMemo/Pods-project04-RxMemo-frameworks-${CONFIGURATION}-output-files.xcfilelist",
			);
			runOnlyForDeploymentPostprocessing = 0;
			shellPath = /bin/sh;
			shellScript = "\"${PODS_ROOT}/Target Support Files/Pods-project04-RxMemo/Pods-project04-RxMemo-frameworks.sh\"\n";
			showEnvVarsInLog = 0;
		};
/* End PBXShellScriptBuildPhase section */

/* Begin PBXSourcesBuildPhase section */
		348ACE38262DA00500CDDFCB /* Sources */ = {
			isa = PBXSourcesBuildPhase;
			buildActionMask = 2147483647;
			files = (
				34DEC835263EB1C80007D509 /* ViewModelBindableType.swift in Sources */,
				348ACE44262DA00500CDDFCB /* MemoListViewController.swift in Sources */,
				34DEC82E263E9FDE0007D509 /* CommonViewModel.swift in Sources */,
				34362A5E263FE4A200239993 /* MemoTableViewCell.swift in Sources */,
				348ACE40262DA00500CDDFCB /* AppDelegate.swift in Sources */,
				348ACE42262DA00500CDDFCB /* SceneDelegate.swift in Sources */,
				347E930D26369CAB0034D723 /* MemoStorageType.swift in Sources */,
				34DEC824263E49240007D509 /* MemoryStorage.swift in Sources */,
				34362A6126402F6000239993 /* Date+String.swift in Sources */,
				34DEC832263EA27F0007D509 /* SceneController.swift in Sources */,
				348ACE4A262DA00500CDDFCB /* project04_RxMemo.xcdatamodeld in Sources */,
				347E931026369DED0034D723 /* CoreDataStorage.swift in Sources */,
				34DEC82A263E9D580007D509 /* TansitionModel.swift in Sources */,
				3428A4DF262E9FDA0077DD77 /* Memo.swift in Sources */,
				34DEC827263E4DBA0007D509 /* MemoListViewModel.swift in Sources */,
				34DEC830263EA0ED0007D509 /* SceneCoordinatorType.swift in Sources */,
				34DEC82C263E9F100007D509 /* Scene.swift in Sources */,
			);
			runOnlyForDeploymentPostprocessing = 0;
		};
/* End PBXSourcesBuildPhase section */

/* Begin PBXVariantGroup section */
		348ACE45262DA00500CDDFCB /* Main.storyboard */ = {
			isa = PBXVariantGroup;
			children = (
				348ACE46262DA00500CDDFCB /* Base */,
			);
			name = Main.storyboard;
			sourceTree = "<group>";
		};
		348ACE4D262DA00600CDDFCB /* LaunchScreen.storyboard */ = {
			isa = PBXVariantGroup;
			children = (
				348ACE4E262DA00600CDDFCB /* Base */,
			);
			name = LaunchScreen.storyboard;
			sourceTree = "<group>";
		};
/* End PBXVariantGroup section */

/* Begin XCBuildConfiguration section */
		348ACE51262DA00600CDDFCB /* Debug */ = {
			isa = XCBuildConfiguration;
			buildSettings = {
				ALWAYS_SEARCH_USER_PATHS = NO;
				CLANG_ANALYZER_NONNULL = YES;
				CLANG_ANALYZER_NUMBER_OBJECT_CONVERSION = YES_AGGRESSIVE;
				CLANG_CXX_LANGUAGE_STANDARD = "gnu++14";
				CLANG_CXX_LIBRARY = "libc++";
				CLANG_ENABLE_MODULES = YES;
				CLANG_ENABLE_OBJC_ARC = YES;
				CLANG_ENABLE_OBJC_WEAK = YES;
				CLANG_WARN_BLOCK_CAPTURE_AUTORELEASING = YES;
				CLANG_WARN_BOOL_CONVERSION = YES;
				CLANG_WARN_COMMA = YES;
				CLANG_WARN_CONSTANT_CONVERSION = YES;
				CLANG_WARN_DEPRECATED_OBJC_IMPLEMENTATIONS = YES;
				CLANG_WARN_DIRECT_OBJC_ISA_USAGE = YES_ERROR;
				CLANG_WARN_DOCUMENTATION_COMMENTS = YES;
				CLANG_WARN_EMPTY_BODY = YES;
				CLANG_WARN_ENUM_CONVERSION = YES;
				CLANG_WARN_INFINITE_RECURSION = YES;
				CLANG_WARN_INT_CONVERSION = YES;
				CLANG_WARN_NON_LITERAL_NULL_CONVERSION = YES;
				CLANG_WARN_OBJC_IMPLICIT_RETAIN_SELF = YES;
				CLANG_WARN_OBJC_LITERAL_CONVERSION = YES;
				CLANG_WARN_OBJC_ROOT_CLASS = YES_ERROR;
				CLANG_WARN_QUOTED_INCLUDE_IN_FRAMEWORK_HEADER = YES;
				CLANG_WARN_RANGE_LOOP_ANALYSIS = YES;
				CLANG_WARN_STRICT_PROTOTYPES = YES;
				CLANG_WARN_SUSPICIOUS_MOVE = YES;
				CLANG_WARN_UNGUARDED_AVAILABILITY = YES_AGGRESSIVE;
				CLANG_WARN_UNREACHABLE_CODE = YES;
				CLANG_WARN__DUPLICATE_METHOD_MATCH = YES;
				COPY_PHASE_STRIP = NO;
				DEBUG_INFORMATION_FORMAT = dwarf;
				ENABLE_STRICT_OBJC_MSGSEND = YES;
				ENABLE_TESTABILITY = YES;
				GCC_C_LANGUAGE_STANDARD = gnu11;
				GCC_DYNAMIC_NO_PIC = NO;
				GCC_NO_COMMON_BLOCKS = YES;
				GCC_OPTIMIZATION_LEVEL = 0;
				GCC_PREPROCESSOR_DEFINITIONS = (
					"DEBUG=1",
					"$(inherited)",
				);
				GCC_WARN_64_TO_32_BIT_CONVERSION = YES;
				GCC_WARN_ABOUT_RETURN_TYPE = YES_ERROR;
				GCC_WARN_UNDECLARED_SELECTOR = YES;
				GCC_WARN_UNINITIALIZED_AUTOS = YES_AGGRESSIVE;
				GCC_WARN_UNUSED_FUNCTION = YES;
				GCC_WARN_UNUSED_VARIABLE = YES;
				IPHONEOS_DEPLOYMENT_TARGET = 14.4;
				MTL_ENABLE_DEBUG_INFO = INCLUDE_SOURCE;
				MTL_FAST_MATH = YES;
				ONLY_ACTIVE_ARCH = YES;
				SDKROOT = iphoneos;
				SWIFT_ACTIVE_COMPILATION_CONDITIONS = DEBUG;
				SWIFT_OPTIMIZATION_LEVEL = "-Onone";
			};
			name = Debug;
		};
		348ACE52262DA00600CDDFCB /* Release */ = {
			isa = XCBuildConfiguration;
			buildSettings = {
				ALWAYS_SEARCH_USER_PATHS = NO;
				CLANG_ANALYZER_NONNULL = YES;
				CLANG_ANALYZER_NUMBER_OBJECT_CONVERSION = YES_AGGRESSIVE;
				CLANG_CXX_LANGUAGE_STANDARD = "gnu++14";
				CLANG_CXX_LIBRARY = "libc++";
				CLANG_ENABLE_MODULES = YES;
				CLANG_ENABLE_OBJC_ARC = YES;
				CLANG_ENABLE_OBJC_WEAK = YES;
				CLANG_WARN_BLOCK_CAPTURE_AUTORELEASING = YES;
				CLANG_WARN_BOOL_CONVERSION = YES;
				CLANG_WARN_COMMA = YES;
				CLANG_WARN_CONSTANT_CONVERSION = YES;
				CLANG_WARN_DEPRECATED_OBJC_IMPLEMENTATIONS = YES;
				CLANG_WARN_DIRECT_OBJC_ISA_USAGE = YES_ERROR;
				CLANG_WARN_DOCUMENTATION_COMMENTS = YES;
				CLANG_WARN_EMPTY_BODY = YES;
				CLANG_WARN_ENUM_CONVERSION = YES;
				CLANG_WARN_INFINITE_RECURSION = YES;
				CLANG_WARN_INT_CONVERSION = YES;
				CLANG_WARN_NON_LITERAL_NULL_CONVERSION = YES;
				CLANG_WARN_OBJC_IMPLICIT_RETAIN_SELF = YES;
				CLANG_WARN_OBJC_LITERAL_CONVERSION = YES;
				CLANG_WARN_OBJC_ROOT_CLASS = YES_ERROR;
				CLANG_WARN_QUOTED_INCLUDE_IN_FRAMEWORK_HEADER = YES;
				CLANG_WARN_RANGE_LOOP_ANALYSIS = YES;
				CLANG_WARN_STRICT_PROTOTYPES = YES;
				CLANG_WARN_SUSPICIOUS_MOVE = YES;
				CLANG_WARN_UNGUARDED_AVAILABILITY = YES_AGGRESSIVE;
				CLANG_WARN_UNREACHABLE_CODE = YES;
				CLANG_WARN__DUPLICATE_METHOD_MATCH = YES;
				COPY_PHASE_STRIP = NO;
				DEBUG_INFORMATION_FORMAT = "dwarf-with-dsym";
				ENABLE_NS_ASSERTIONS = NO;
				ENABLE_STRICT_OBJC_MSGSEND = YES;
				GCC_C_LANGUAGE_STANDARD = gnu11;
				GCC_NO_COMMON_BLOCKS = YES;
				GCC_WARN_64_TO_32_BIT_CONVERSION = YES;
				GCC_WARN_ABOUT_RETURN_TYPE = YES_ERROR;
				GCC_WARN_UNDECLARED_SELECTOR = YES;
				GCC_WARN_UNINITIALIZED_AUTOS = YES_AGGRESSIVE;
				GCC_WARN_UNUSED_FUNCTION = YES;
				GCC_WARN_UNUSED_VARIABLE = YES;
				IPHONEOS_DEPLOYMENT_TARGET = 14.4;
				MTL_ENABLE_DEBUG_INFO = NO;
				MTL_FAST_MATH = YES;
				SDKROOT = iphoneos;
				SWIFT_COMPILATION_MODE = wholemodule;
				SWIFT_OPTIMIZATION_LEVEL = "-O";
				VALIDATE_PRODUCT = YES;
			};
			name = Release;
		};
		348ACE54262DA00600CDDFCB /* Debug */ = {
			isa = XCBuildConfiguration;
			baseConfigurationReference = 45AA3881E9BA3915C845CCB1 /* Pods-project04-RxMemo.debug.xcconfig */;
			buildSettings = {
				ASSETCATALOG_COMPILER_APPICON_NAME = AppIcon;
				ASSETCATALOG_COMPILER_GLOBAL_ACCENT_COLOR_NAME = AccentColor;
				CODE_SIGN_STYLE = Automatic;
				DEVELOPMENT_TEAM = 4WAJS5YV8W;
				INFOPLIST_FILE = "project04-RxMemo/Info.plist";
				LD_RUNPATH_SEARCH_PATHS = (
					"$(inherited)",
					"@executable_path/Frameworks",
				);
				PRODUCT_BUNDLE_IDENTIFIER = "SungminPark.project04-RxMemo";
				PRODUCT_NAME = "$(TARGET_NAME)";
				SWIFT_VERSION = 5.0;
				TARGETED_DEVICE_FAMILY = "1,2";
			};
			name = Debug;
		};
		348ACE55262DA00600CDDFCB /* Release */ = {
			isa = XCBuildConfiguration;
			baseConfigurationReference = FEB4B896F7E21BDB2425A0A7 /* Pods-project04-RxMemo.release.xcconfig */;
			buildSettings = {
				ASSETCATALOG_COMPILER_APPICON_NAME = AppIcon;
				ASSETCATALOG_COMPILER_GLOBAL_ACCENT_COLOR_NAME = AccentColor;
				CODE_SIGN_STYLE = Automatic;
				DEVELOPMENT_TEAM = 4WAJS5YV8W;
				INFOPLIST_FILE = "project04-RxMemo/Info.plist";
				LD_RUNPATH_SEARCH_PATHS = (
					"$(inherited)",
					"@executable_path/Frameworks",
				);
				PRODUCT_BUNDLE_IDENTIFIER = "SungminPark.project04-RxMemo";
				PRODUCT_NAME = "$(TARGET_NAME)";
				SWIFT_VERSION = 5.0;
				TARGETED_DEVICE_FAMILY = "1,2";
			};
			name = Release;
		};
/* End XCBuildConfiguration section */

/* Begin XCConfigurationList section */
		348ACE37262DA00500CDDFCB /* Build configuration list for PBXProject "project04-RxMemo" */ = {
			isa = XCConfigurationList;
			buildConfigurations = (
				348ACE51262DA00600CDDFCB /* Debug */,
				348ACE52262DA00600CDDFCB /* Release */,
			);
			defaultConfigurationIsVisible = 0;
			defaultConfigurationName = Release;
		};
		348ACE53262DA00600CDDFCB /* Build configuration list for PBXNativeTarget "project04-RxMemo" */ = {
			isa = XCConfigurationList;
			buildConfigurations = (
				348ACE54262DA00600CDDFCB /* Debug */,
				348ACE55262DA00600CDDFCB /* Release */,
			);
			defaultConfigurationIsVisible = 0;
			defaultConfigurationName = Release;
		};
/* End XCConfigurationList section */

/* Begin XCVersionGroup section */
		348ACE48262DA00500CDDFCB /* project04_RxMemo.xcdatamodeld */ = {
			isa = XCVersionGroup;
			children = (
				348ACE49262DA00500CDDFCB /* project04_RxMemo.xcdatamodel */,
			);
			currentVersion = 348ACE49262DA00500CDDFCB /* project04_RxMemo.xcdatamodel */;
			path = project04_RxMemo.xcdatamodeld;
			sourceTree = "<group>";
			versionGroupType = wrapper.xcdatamodel;
		};
/* End XCVersionGroup section */
	};
	rootObject = 348ACE34262DA00500CDDFCB /* Project object */;
}
